
Microsoft Visual Studio Solution File, Format Version 12.00
# Visual Studio Version 17
VisualStudioVersion = 17.5.33530.505
MinimumVisualStudioVersion = 10.0.40219.1
Project("{FAE04EC0-301F-11D3-BF4B-00C04F79EFBC}") = "RestaurantAPI", "RestaurantAPI\RestaurantAPI.csproj", "{37FF38E0-023E-41CF-844A-A2AFABE2B65C}"
EndProject
Global
	GlobalSection(SolutionConfigurationPlatforms) = preSolution
		Debug|Any CPU = Debug|Any CPU
		Release|Any CPU = Release|Any CPU
	EndGlobalSection
	GlobalSection(ProjectConfigurationPlatforms) = postSolution
		{37FF38E0-023E-41CF-844A-A2AFABE2B65C}.Debug|Any CPU.ActiveCfg = Debug|Any CPU
		{37FF38E0-023E-41CF-844A-A2AFABE2B65C}.Debug|Any CPU.Build.0 = Debug|Any CPU
		{37FF38E0-023E-41CF-844A-A2AFABE2B65C}.Release|Any CPU.ActiveCfg = Release|Any CPU
		{37FF38E0-023E-41CF-844A-A2AFABE2B65C}.Release|Any CPU.Build.0 = Release|Any CPU
	EndGlobalSection
	GlobalSection(SolutionProperties) = preSolution
		HideSolutionNode = FALSE
	EndGlobalSection
	GlobalSection(ExtensibilityGlobals) = postSolution
		SolutionGuid = {CEA1C571-F8C1-413F-AAF3-D7C1FD61AAB3}
	EndGlobalSection
EndGlobal
