
Microsoft Visual Studio Solution File, Format Version 12.00
# Visual Studio Version 17
VisualStudioVersion = 17.5.33530.505
MinimumVisualStudioVersion = 10.0.40219.1
Project("{FAE04EC0-301F-11D3-BF4B-00C04F79EFBC}") = "RestaurantAPI", "RestaurantAPI\RestaurantAPI.csproj", "{2D4A5B6F-6EDA-4106-AAEC-E639DF44DFA7}"
EndProject
Global
	GlobalSection(SolutionConfigurationPlatforms) = preSolution
		Debug|Any CPU = Debug|Any CPU
		Release|Any CPU = Release|Any CPU
	EndGlobalSection
	GlobalSection(ProjectConfigurationPlatforms) = postSolution
		{2D4A5B6F-6EDA-4106-AAEC-E639DF44DFA7}.Debug|Any CPU.ActiveCfg = Debug|Any CPU
		{2D4A5B6F-6EDA-4106-AAEC-E639DF44DFA7}.Debug|Any CPU.Build.0 = Debug|Any CPU
		{2D4A5B6F-6EDA-4106-AAEC-E639DF44DFA7}.Release|Any CPU.ActiveCfg = Release|Any CPU
		{2D4A5B6F-6EDA-4106-AAEC-E639DF44DFA7}.Release|Any CPU.Build.0 = Release|Any CPU
	EndGlobalSection
	GlobalSection(SolutionProperties) = preSolution
		HideSolutionNode = FALSE
	EndGlobalSection
	GlobalSection(ExtensibilityGlobals) = postSolution
		SolutionGuid = {CFBF0C9D-31CC-4F48-8E9D-2E76A1BF02CB}
	EndGlobalSection
EndGlobal
